
Microsoft Visual Studio Solution File, Format Version 12.00
# Visual Studio Version 16
VisualStudioVersion = 16.0.30413.136
MinimumVisualStudioVersion = 10.0.40219.1
Project("{9A19103F-16F7-4668-BE54-9A1E7A4F7556}") = "LaboratoryWork2", "LaboratoryWork2\LaboratoryWork2.csproj", "{2AF1DE98-ACAA-4E35-BE96-C643D17615A5}"
EndProject
Project("{FAE04EC0-301F-11D3-BF4B-00C04F79EFBC}") = "LaboratoryWork2Tests", "LaboratoryWork2Tests\LaboratoryWork2Tests.csproj", "{2ACDD9C3-B750-4CAA-8DED-5C9860E7DD93}"
EndProject
Global
	GlobalSection(SolutionConfigurationPlatforms) = preSolution
		Debug|Any CPU = Debug|Any CPU
		Release|Any CPU = Release|Any CPU
	EndGlobalSection
	GlobalSection(ProjectConfigurationPlatforms) = postSolution
		{2AF1DE98-ACAA-4E35-BE96-C643D17615A5}.Debug|Any CPU.ActiveCfg = Debug|Any CPU
		{2AF1DE98-ACAA-4E35-BE96-C643D17615A5}.Debug|Any CPU.Build.0 = Debug|Any CPU
		{2AF1DE98-ACAA-4E35-BE96-C643D17615A5}.Release|Any CPU.ActiveCfg = Release|Any CPU
		{2AF1DE98-ACAA-4E35-BE96-C643D17615A5}.Release|Any CPU.Build.0 = Release|Any CPU
		{2ACDD9C3-B750-4CAA-8DED-5C9860E7DD93}.Debug|Any CPU.ActiveCfg = Debug|Any CPU
		{2ACDD9C3-B750-4CAA-8DED-5C9860E7DD93}.Debug|Any CPU.Build.0 = Debug|Any CPU
		{2ACDD9C3-B750-4CAA-8DED-5C9860E7DD93}.Release|Any CPU.ActiveCfg = Release|Any CPU
		{2ACDD9C3-B750-4CAA-8DED-5C9860E7DD93}.Release|Any CPU.Build.0 = Release|Any CPU
	EndGlobalSection
	GlobalSection(SolutionProperties) = preSolution
		HideSolutionNode = FALSE
	EndGlobalSection
	GlobalSection(ExtensibilityGlobals) = postSolution
		SolutionGuid = {7BE64D0E-FCF9-4CE3-956F-B1A4BD713191}
	EndGlobalSection
EndGlobal
