
Microsoft Visual Studio Solution File, Format Version 12.00
# Visual Studio Version 16
VisualStudioVersion = 16.0.30523.141
MinimumVisualStudioVersion = 10.0.40219.1
Project("{FAE04EC0-301F-11D3-BF4B-00C04F79EFBC}") = "LaboratoryWork3", "LaboratoryWork3\LaboratoryWork3.csproj", "{1DE55373-E4FD-47BF-AAF4-124488AF26E7}"
EndProject
Project("{FAE04EC0-301F-11D3-BF4B-00C04F79EFBC}") = "LaboratoryWork3Tests", "LaboratoryWork3Tests\LaboratoryWork3Tests.csproj", "{240FFA4E-F845-43F5-89E2-CC68D0EF20DE}"
EndProject
Global
	GlobalSection(SolutionConfigurationPlatforms) = preSolution
		Debug|Any CPU = Debug|Any CPU
		Release|Any CPU = Release|Any CPU
	EndGlobalSection
	GlobalSection(ProjectConfigurationPlatforms) = postSolution
		{1DE55373-E4FD-47BF-AAF4-124488AF26E7}.Debug|Any CPU.ActiveCfg = Debug|Any CPU
		{1DE55373-E4FD-47BF-AAF4-124488AF26E7}.Debug|Any CPU.Build.0 = Debug|Any CPU
		{1DE55373-E4FD-47BF-AAF4-124488AF26E7}.Release|Any CPU.ActiveCfg = Release|Any CPU
		{1DE55373-E4FD-47BF-AAF4-124488AF26E7}.Release|Any CPU.Build.0 = Release|Any CPU
		{240FFA4E-F845-43F5-89E2-CC68D0EF20DE}.Debug|Any CPU.ActiveCfg = Debug|Any CPU
		{240FFA4E-F845-43F5-89E2-CC68D0EF20DE}.Debug|Any CPU.Build.0 = Debug|Any CPU
		{240FFA4E-F845-43F5-89E2-CC68D0EF20DE}.Release|Any CPU.ActiveCfg = Release|Any CPU
		{240FFA4E-F845-43F5-89E2-CC68D0EF20DE}.Release|Any CPU.Build.0 = Release|Any CPU
	EndGlobalSection
	GlobalSection(SolutionProperties) = preSolution
		HideSolutionNode = FALSE
	EndGlobalSection
	GlobalSection(ExtensibilityGlobals) = postSolution
		SolutionGuid = {CDC617F7-43A1-4526-8439-3AEDDC17C719}
	EndGlobalSection
EndGlobal
