
Microsoft Visual Studio Solution File, Format Version 12.00
# Visual Studio Version 16
VisualStudioVersion = 16.0.31624.102
MinimumVisualStudioVersion = 10.0.40219.1
Project("{FAE04EC0-301F-11D3-BF4B-00C04F79EFBC}") = "Task12", "Task12\Task12.csproj", "{ED8F6331-8981-4666-A381-B1C8FC6DD8ED}"
EndProject
Project("{FAE04EC0-301F-11D3-BF4B-00C04F79EFBC}") = "Task12.Chart", "Task12.Chart\Task12.Chart.csproj", "{77E6ED11-393D-4993-B55D-4C9EC57E2463}"
EndProject
Global
	GlobalSection(SolutionConfigurationPlatforms) = preSolution
		Debug|Any CPU = Debug|Any CPU
		Release|Any CPU = Release|Any CPU
	EndGlobalSection
	GlobalSection(ProjectConfigurationPlatforms) = postSolution
		{ED8F6331-8981-4666-A381-B1C8FC6DD8ED}.Debug|Any CPU.ActiveCfg = Debug|Any CPU
		{ED8F6331-8981-4666-A381-B1C8FC6DD8ED}.Debug|Any CPU.Build.0 = Debug|Any CPU
		{ED8F6331-8981-4666-A381-B1C8FC6DD8ED}.Release|Any CPU.ActiveCfg = Release|Any CPU
		{ED8F6331-8981-4666-A381-B1C8FC6DD8ED}.Release|Any CPU.Build.0 = Release|Any CPU
		{77E6ED11-393D-4993-B55D-4C9EC57E2463}.Debug|Any CPU.ActiveCfg = Debug|Any CPU
		{77E6ED11-393D-4993-B55D-4C9EC57E2463}.Debug|Any CPU.Build.0 = Debug|Any CPU
		{77E6ED11-393D-4993-B55D-4C9EC57E2463}.Release|Any CPU.ActiveCfg = Release|Any CPU
		{77E6ED11-393D-4993-B55D-4C9EC57E2463}.Release|Any CPU.Build.0 = Release|Any CPU
	EndGlobalSection
	GlobalSection(SolutionProperties) = preSolution
		HideSolutionNode = FALSE
	EndGlobalSection
	GlobalSection(ExtensibilityGlobals) = postSolution
		SolutionGuid = {A3C3B6BC-7452-48EF-A041-8E896ABE9E3B}
	EndGlobalSection
EndGlobal
