
Microsoft Visual Studio Solution File, Format Version 12.00
# Visual Studio Version 16
VisualStudioVersion = 16.0.30717.126
MinimumVisualStudioVersion = 10.0.40219.1
Project("{FAE04EC0-301F-11D3-BF4B-00C04F79EFBC}") = "LaboratoryWork6", "LaboratoryWork6\LaboratoryWork6.csproj", "{A9DACB16-41E5-4A4E-8919-9BD8CC925C5A}"
EndProject
Global
	GlobalSection(SolutionConfigurationPlatforms) = preSolution
		Debug|Any CPU = Debug|Any CPU
		Release|Any CPU = Release|Any CPU
	EndGlobalSection
	GlobalSection(ProjectConfigurationPlatforms) = postSolution
		{A9DACB16-41E5-4A4E-8919-9BD8CC925C5A}.Debug|Any CPU.ActiveCfg = Debug|Any CPU
		{A9DACB16-41E5-4A4E-8919-9BD8CC925C5A}.Debug|Any CPU.Build.0 = Debug|Any CPU
		{A9DACB16-41E5-4A4E-8919-9BD8CC925C5A}.Release|Any CPU.ActiveCfg = Release|Any CPU
		{A9DACB16-41E5-4A4E-8919-9BD8CC925C5A}.Release|Any CPU.Build.0 = Release|Any CPU
	EndGlobalSection
	GlobalSection(SolutionProperties) = preSolution
		HideSolutionNode = FALSE
	EndGlobalSection
	GlobalSection(ExtensibilityGlobals) = postSolution
		SolutionGuid = {19C67AA4-B7ED-468C-8AD9-529C5CD353C1}
	EndGlobalSection
EndGlobal
