
Microsoft Visual Studio Solution File, Format Version 12.00
# Visual Studio Version 16
VisualStudioVersion = 16.0.31624.102
MinimumVisualStudioVersion = 10.0.40219.1
Project("{9A19103F-16F7-4668-BE54-9A1E7A4F7556}") = "Task7", "Task7\Task7.csproj", "{ECB0CBE9-2928-42A4-A99A-07A4D620B0C0}"
EndProject
Project("{9A19103F-16F7-4668-BE54-9A1E7A4F7556}") = "Task7.Chart", "Task7.Chart\Task7.Chart.csproj", "{5164A626-028A-4DD6-A1A8-1EBDDBFC4DB5}"
EndProject
Global
	GlobalSection(SolutionConfigurationPlatforms) = preSolution
		Debug|Any CPU = Debug|Any CPU
		Release|Any CPU = Release|Any CPU
	EndGlobalSection
	GlobalSection(ProjectConfigurationPlatforms) = postSolution
		{ECB0CBE9-2928-42A4-A99A-07A4D620B0C0}.Debug|Any CPU.ActiveCfg = Debug|Any CPU
		{ECB0CBE9-2928-42A4-A99A-07A4D620B0C0}.Debug|Any CPU.Build.0 = Debug|Any CPU
		{ECB0CBE9-2928-42A4-A99A-07A4D620B0C0}.Release|Any CPU.ActiveCfg = Release|Any CPU
		{ECB0CBE9-2928-42A4-A99A-07A4D620B0C0}.Release|Any CPU.Build.0 = Release|Any CPU
		{5164A626-028A-4DD6-A1A8-1EBDDBFC4DB5}.Debug|Any CPU.ActiveCfg = Debug|Any CPU
		{5164A626-028A-4DD6-A1A8-1EBDDBFC4DB5}.Debug|Any CPU.Build.0 = Debug|Any CPU
		{5164A626-028A-4DD6-A1A8-1EBDDBFC4DB5}.Release|Any CPU.ActiveCfg = Release|Any CPU
		{5164A626-028A-4DD6-A1A8-1EBDDBFC4DB5}.Release|Any CPU.Build.0 = Release|Any CPU
	EndGlobalSection
	GlobalSection(SolutionProperties) = preSolution
		HideSolutionNode = FALSE
	EndGlobalSection
	GlobalSection(ExtensibilityGlobals) = postSolution
		SolutionGuid = {8D215E40-FD39-4413-B31C-990229955FA8}
	EndGlobalSection
EndGlobal
